<?xml version="1.0" encoding="utf-8"?>
<Project ToolsVersion="4.0" xmlns="http://schemas.microsoft.com/developer/msbuild/2003">
  <ItemGroup>
    <Filter Include="源文件">
      <UniqueIdentifier>{4FC737F1-C7A5-4376-A066-2A32D752A2FF}</UniqueIdentifier>
      <Extensions>cpp;c;cc;cxx;def;odl;idl;hpj;bat;asm;asmx</Extensions>
    </Filter>
    <Filter Include="头文件">
      <UniqueIdentifier>{93995380-89BD-4b04-88EB-625FBE52EBFB}</UniqueIdentifier>
      <Extensions>h;hh;hpp;hxx;hm;inl;inc;xsd</Extensions>
    </Filter>
    <Filter Include="资源文件">
      <UniqueIdentifier>{67DA6AB6-F800-4c08-8B7A-83BB121AAD01}</UniqueIdentifier>
      <Extensions>rc;ico;cur;bmp;dlg;rc2;rct;bin;rgs;gif;jpg;jpeg;jpe;resx;tiff;tif;png;wav;mfcribbon-ms</Extensions>
    </Filter>
    <Filter Include="头文件\math">
      <UniqueIdentifier>{3e6448be-6d02-41ff-b568-919cb1b18196}</UniqueIdentifier>
    </Filter>
    <Filter Include="头文件\materials">
      <UniqueIdentifier>{dfc92868-76ce-40d0-952f-2d991918647f}</UniqueIdentifier>
    </Filter>
    <Filter Include="源文件\src">
      <UniqueIdentifier>{aaa6b0f0-51ce-46c8-b5fb-1772fb19dc78}</UniqueIdentifier>
    </Filter>
    <Filter Include="头文件\objects">
      <UniqueIdentifier>{17da0c18-2d3e-43df-b5ba-84ff844d695d}</UniqueIdentifier>
    </Filter>
    <Filter Include="头文件\lights">
      <UniqueIdentifier>{0475a28c-5cf1-4c08-99d5-c2fafb5d4031}</UniqueIdentifier>
    </Filter>
  </ItemGroup>
  <ItemGroup>
    <ClCompile Include="src\Color.cpp">
      <Filter>源文件\src</Filter>
    </ClCompile>
    <ClCompile Include="src\Texture.cpp">
      <Filter>源文件\src</Filter>
    </ClCompile>
    <ClCompile Include="src\Object.cpp">
      <Filter>源文件\src</Filter>
    </ClCompile>
    <ClCompile Include="src\Cube.cpp">
      <Filter>源文件\src</Filter>
    </ClCompile>
    <ClCompile Include="src\Plane.cpp">
      <Filter>源文件\src</Filter>
    </ClCompile>
    <ClCompile Include="src\Sphere.cpp">
      <Filter>源文件\src</Filter>
    </ClCompile>
    <ClCompile Include="src\Triangle.cpp">
      <Filter>源文件\src</Filter>
    </ClCompile>
    <ClCompile Include="src\Light.cpp">
      <Filter>源文件\src</Filter>
    </ClCompile>
    <ClCompile Include="src\DirectionalLight.cpp">
      <Filter>源文件\src</Filter>
    </ClCompile>
    <ClCompile Include="src\PointLight.cpp">
      <Filter>源文件\src</Filter>
    </ClCompile>
    <ClCompile Include="src\KDTree.cpp">
      <Filter>源文件\src</Filter>
    </ClCompile>
    <ClCompile Include="src\Mesh.cpp">
      <Filter>源文件\src</Filter>
    </ClCompile>
    <ClCompile Include="src\Camera.cpp">
      <Filter>源文件\src</Filter>
    </ClCompile>
    <ClCompile Include="src\Scene.cpp">
      <Filter>源文件\src</Filter>
    </ClCompile>
    <ClCompile Include="src\Image.cpp">
      <Filter>源文件\src</Filter>
    </ClCompile>
    <ClCompile Include="src\main.cpp">
      <Filter>源文件\src</Filter>
    </ClCompile>
  </ItemGroup>
  <ItemGroup>
    <ClInclude Include="include\math\MathUtiliy.h">
      <Filter>头文件\math</Filter>
    </ClInclude>
    <ClInclude Include="include\math\Vector2.h">
      <Filter>头文件\math</Filter>
    </ClInclude>
    <ClInclude Include="include\math\Vector3.h">
      <Filter>头文件\math</Filter>
    </ClInclude>
    <ClInclude Include="include\math\Vector4.h">
      <Filter>头文件\math</Filter>
    </ClInclude>
    <ClInclude Include="include\Ray.h">
      <Filter>头文件</Filter>
    </ClInclude>
    <ClInclude Include="include\math\Matrix4.h">
      <Filter>头文件\math</Filter>
    </ClInclude>
    <ClInclude Include="include\AABB.h">
      <Filter>头文件</Filter>
    </ClInclude>
    <ClInclude Include="include\materials\Color.h">
      <Filter>头文件\materials</Filter>
    </ClInclude>
    <ClInclude Include="include\materials\Texture.h">
      <Filter>头文件\materials</Filter>
    </ClInclude>
    <ClInclude Include="include\materials\Material.h">
      <Filter>头文件\materials</Filter>
    </ClInclude>
    <ClInclude Include="include\objects\object.h">
      <Filter>头文件\objects</Filter>
    </ClInclude>
    <ClInclude Include="include\objects\Cube.h">
      <Filter>头文件\objects</Filter>
    </ClInclude>
    <ClInclude Include="include\objects\Intersection.h">
      <Filter>头文件\objects</Filter>
    </ClInclude>
    <ClInclude Include="include\Intersection.h">
      <Filter>头文件</Filter>
    </ClInclude>
    <ClInclude Include="include\objects\Plane.h">
      <Filter>头文件\objects</Filter>
    </ClInclude>
    <ClInclude Include="include\objects\Sphere.h">
      <Filter>头文件\objects</Filter>
    </ClInclude>
    <ClInclude Include="include\objects\Triangle.h">
      <Filter>头文件\objects</Filter>
    </ClInclude>
    <ClInclude Include="include\lights\light.h">
      <Filter>头文件\lights</Filter>
    </ClInclude>
    <ClInclude Include="include\lights\DirectionalLight.h">
      <Filter>头文件\lights</Filter>
    </ClInclude>
    <ClInclude Include="include\lights\PointLight.h">
      <Filter>头文件\lights</Filter>
    </ClInclude>
    <ClInclude Include="include\KDTree.h">
      <Filter>头文件</Filter>
    </ClInclude>
    <ClInclude Include="include\Mesh.h">
      <Filter>头文件</Filter>
    </ClInclude>
    <ClInclude Include="include\Camera.h">
      <Filter>头文件</Filter>
    </ClInclude>
    <ClInclude Include="include\Scene.h">
      <Filter>头文件</Filter>
    </ClInclude>
    <ClInclude Include="include\Image.h">
      <Filter>头文件</Filter>
    </ClInclude>
  </ItemGroup>
</Project>